
Microsoft Visual Studio Solution File, Format Version 12.00
# Visual Studio Version 17
VisualStudioVersion = 17.0.31912.275
MinimumVisualStudioVersion = 10.0.40219.1
Project("{9A19103F-16F7-4668-BE54-9A1E7A4F7556}") = "IBS_UILayer", "IBS_UILayer\IBS_UILayer.csproj", "{F367937D-9D3A-48B2-AADD-786C507D6339}"
EndProject
Project("{9A19103F-16F7-4668-BE54-9A1E7A4F7556}") = "IBS_RSLayer", "IBS_RSLayer\IBS_RSLayer.csproj", "{DE009170-0C8C-4477-90CF-EF9BBDFBB02F}"
EndProject
Project("{9A19103F-16F7-4668-BE54-9A1E7A4F7556}") = "IBS_DALayer", "IBS_DALayer\IBS_DALayer.csproj", "{ECB40E25-9D1F-4F02-94BA-55B4A61EB65A}"
EndProject
Project("{9A19103F-16F7-4668-BE54-9A1E7A4F7556}") = "IBS_EXLayer", "IBS_EXLayer\IBS_EXLayer.csproj", "{32811CDD-F641-4FE6-9E1A-64DA51D9DBB5}"
EndProject
Global
	GlobalSection(SolutionConfigurationPlatforms) = preSolution
		Debug|Any CPU = Debug|Any CPU
		Release|Any CPU = Release|Any CPU
	EndGlobalSection
	GlobalSection(ProjectConfigurationPlatforms) = postSolution
		{F367937D-9D3A-48B2-AADD-786C507D6339}.Debug|Any CPU.ActiveCfg = Debug|Any CPU
		{F367937D-9D3A-48B2-AADD-786C507D6339}.Debug|Any CPU.Build.0 = Debug|Any CPU
		{F367937D-9D3A-48B2-AADD-786C507D6339}.Release|Any CPU.ActiveCfg = Release|Any CPU
		{F367937D-9D3A-48B2-AADD-786C507D6339}.Release|Any CPU.Build.0 = Release|Any CPU
		{DE009170-0C8C-4477-90CF-EF9BBDFBB02F}.Debug|Any CPU.ActiveCfg = Debug|Any CPU
		{DE009170-0C8C-4477-90CF-EF9BBDFBB02F}.Debug|Any CPU.Build.0 = Debug|Any CPU
		{DE009170-0C8C-4477-90CF-EF9BBDFBB02F}.Release|Any CPU.ActiveCfg = Release|Any CPU
		{DE009170-0C8C-4477-90CF-EF9BBDFBB02F}.Release|Any CPU.Build.0 = Release|Any CPU
		{ECB40E25-9D1F-4F02-94BA-55B4A61EB65A}.Debug|Any CPU.ActiveCfg = Debug|Any CPU
		{ECB40E25-9D1F-4F02-94BA-55B4A61EB65A}.Debug|Any CPU.Build.0 = Debug|Any CPU
		{ECB40E25-9D1F-4F02-94BA-55B4A61EB65A}.Release|Any CPU.ActiveCfg = Release|Any CPU
		{ECB40E25-9D1F-4F02-94BA-55B4A61EB65A}.Release|Any CPU.Build.0 = Release|Any CPU
		{32811CDD-F641-4FE6-9E1A-64DA51D9DBB5}.Debug|Any CPU.ActiveCfg = Debug|Any CPU
		{32811CDD-F641-4FE6-9E1A-64DA51D9DBB5}.Debug|Any CPU.Build.0 = Debug|Any CPU
		{32811CDD-F641-4FE6-9E1A-64DA51D9DBB5}.Release|Any CPU.ActiveCfg = Release|Any CPU
		{32811CDD-F641-4FE6-9E1A-64DA51D9DBB5}.Release|Any CPU.Build.0 = Release|Any CPU
	EndGlobalSection
	GlobalSection(SolutionProperties) = preSolution
		HideSolutionNode = FALSE
	EndGlobalSection
	GlobalSection(ExtensibilityGlobals) = postSolution
		SolutionGuid = {F45DEAD9-B1F5-460D-99D6-D24CEC317289}
	EndGlobalSection
EndGlobal
